
Microsoft Visual Studio Solution File, Format Version 12.00
# Visual Studio Version 17
Project("{8BC9CEB8-8B4A-11D0-8D11-00A0C91BC942}") = "ALL_BUILD", "ALL_BUILD.vcxproj", "{4F8EB341-9295-3A18-8CA1-5789AB09EB27}"
	ProjectSection(ProjectDependencies) = postProject
		{02EAD715-42CF-3E74-8FEE-146B45F53393} = {02EAD715-42CF-3E74-8FEE-146B45F53393}
		{4C3F2C9A-4464-3C67-89B8-5D68F46B816A} = {4C3F2C9A-4464-3C67-89B8-5D68F46B816A}
		{0B2C6A74-5395-3691-9CC4-AEA62484EDF2} = {0B2C6A74-5395-3691-9CC4-AEA62484EDF2}
		{3CACEC63-3C9B-3C95-AEF1-0678EE547B5B} = {3CACEC63-3C9B-3C95-AEF1-0678EE547B5B}
		{D9884481-CF2F-3A8A-B830-DE9C23124C39} = {D9884481-CF2F-3A8A-B830-DE9C23124C39}
	EndProjectSection
EndProject
Project("{8BC9CEB8-8B4A-11D0-8D11-00A0C91BC942}") = "INSTALL", "INSTALL.vcxproj", "{1E125EB9-9175-3701-B59E-12572B8FC3F1}"
	ProjectSection(ProjectDependencies) = postProject
		{4F8EB341-9295-3A18-8CA1-5789AB09EB27} = {4F8EB341-9295-3A18-8CA1-5789AB09EB27}
		{02EAD715-42CF-3E74-8FEE-146B45F53393} = {02EAD715-42CF-3E74-8FEE-146B45F53393}
	EndProjectSection
EndProject
Project("{8BC9CEB8-8B4A-11D0-8D11-00A0C91BC942}") = "ZERO_CHECK", "..\..\..\\ZERO_CHECK.vcxproj", "{02EAD715-42CF-3E74-8FEE-146B45F53393}"
	ProjectSection(ProjectDependencies) = postProject
	EndProjectSection
EndProject
Project("{8BC9CEB8-8B4A-11D0-8D11-00A0C91BC942}") = "gmock", "gmock.vcxproj", "{4C3F2C9A-4464-3C67-89B8-5D68F46B816A}"
	ProjectSection(ProjectDependencies) = postProject
		{02EAD715-42CF-3E74-8FEE-146B45F53393} = {02EAD715-42CF-3E74-8FEE-146B45F53393}
	EndProjectSection
EndProject
Project("{8BC9CEB8-8B4A-11D0-8D11-00A0C91BC942}") = "gmock_main", "gmock_main.vcxproj", "{0B2C6A74-5395-3691-9CC4-AEA62484EDF2}"
	ProjectSection(ProjectDependencies) = postProject
		{02EAD715-42CF-3E74-8FEE-146B45F53393} = {02EAD715-42CF-3E74-8FEE-146B45F53393}
	EndProjectSection
EndProject
Project("{8BC9CEB8-8B4A-11D0-8D11-00A0C91BC942}") = "gtest", "..\googletest\gtest.vcxproj", "{3CACEC63-3C9B-3C95-AEF1-0678EE547B5B}"
	ProjectSection(ProjectDependencies) = postProject
		{02EAD715-42CF-3E74-8FEE-146B45F53393} = {02EAD715-42CF-3E74-8FEE-146B45F53393}
	EndProjectSection
EndProject
Project("{8BC9CEB8-8B4A-11D0-8D11-00A0C91BC942}") = "gtest_main", "..\googletest\gtest_main.vcxproj", "{D9884481-CF2F-3A8A-B830-DE9C23124C39}"
	ProjectSection(ProjectDependencies) = postProject
		{02EAD715-42CF-3E74-8FEE-146B45F53393} = {02EAD715-42CF-3E74-8FEE-146B45F53393}
		{3CACEC63-3C9B-3C95-AEF1-0678EE547B5B} = {3CACEC63-3C9B-3C95-AEF1-0678EE547B5B}
	EndProjectSection
EndProject
Global
	GlobalSection(SolutionConfigurationPlatforms) = preSolution
		Debug|x64 = Debug|x64
		Release|x64 = Release|x64
		MinSizeRel|x64 = MinSizeRel|x64
		RelWithDebInfo|x64 = RelWithDebInfo|x64
	EndGlobalSection
	GlobalSection(ProjectConfigurationPlatforms) = postSolution
		{4F8EB341-9295-3A18-8CA1-5789AB09EB27}.Debug|x64.ActiveCfg = Debug|x64
		{4F8EB341-9295-3A18-8CA1-5789AB09EB27}.Debug|x64.Build.0 = Debug|x64
		{4F8EB341-9295-3A18-8CA1-5789AB09EB27}.Release|x64.ActiveCfg = Release|x64
		{4F8EB341-9295-3A18-8CA1-5789AB09EB27}.Release|x64.Build.0 = Release|x64
		{4F8EB341-9295-3A18-8CA1-5789AB09EB27}.MinSizeRel|x64.ActiveCfg = MinSizeRel|x64
		{4F8EB341-9295-3A18-8CA1-5789AB09EB27}.MinSizeRel|x64.Build.0 = MinSizeRel|x64
		{4F8EB341-9295-3A18-8CA1-5789AB09EB27}.RelWithDebInfo|x64.ActiveCfg = RelWithDebInfo|x64
		{4F8EB341-9295-3A18-8CA1-5789AB09EB27}.RelWithDebInfo|x64.Build.0 = RelWithDebInfo|x64
		{1E125EB9-9175-3701-B59E-12572B8FC3F1}.Debug|x64.ActiveCfg = Debug|x64
		{1E125EB9-9175-3701-B59E-12572B8FC3F1}.Release|x64.ActiveCfg = Release|x64
		{1E125EB9-9175-3701-B59E-12572B8FC3F1}.MinSizeRel|x64.ActiveCfg = MinSizeRel|x64
		{1E125EB9-9175-3701-B59E-12572B8FC3F1}.RelWithDebInfo|x64.ActiveCfg = RelWithDebInfo|x64
		{02EAD715-42CF-3E74-8FEE-146B45F53393}.Debug|x64.ActiveCfg = Debug|x64
		{02EAD715-42CF-3E74-8FEE-146B45F53393}.Debug|x64.Build.0 = Debug|x64
		{02EAD715-42CF-3E74-8FEE-146B45F53393}.Release|x64.ActiveCfg = Release|x64
		{02EAD715-42CF-3E74-8FEE-146B45F53393}.Release|x64.Build.0 = Release|x64
		{02EAD715-42CF-3E74-8FEE-146B45F53393}.MinSizeRel|x64.ActiveCfg = MinSizeRel|x64
		{02EAD715-42CF-3E74-8FEE-146B45F53393}.MinSizeRel|x64.Build.0 = MinSizeRel|x64
		{02EAD715-42CF-3E74-8FEE-146B45F53393}.RelWithDebInfo|x64.ActiveCfg = RelWithDebInfo|x64
		{02EAD715-42CF-3E74-8FEE-146B45F53393}.RelWithDebInfo|x64.Build.0 = RelWithDebInfo|x64
		{4C3F2C9A-4464-3C67-89B8-5D68F46B816A}.Debug|x64.ActiveCfg = Debug|x64
		{4C3F2C9A-4464-3C67-89B8-5D68F46B816A}.Debug|x64.Build.0 = Debug|x64
		{4C3F2C9A-4464-3C67-89B8-5D68F46B816A}.Release|x64.ActiveCfg = Release|x64
		{4C3F2C9A-4464-3C67-89B8-5D68F46B816A}.Release|x64.Build.0 = Release|x64
		{4C3F2C9A-4464-3C67-89B8-5D68F46B816A}.MinSizeRel|x64.ActiveCfg = MinSizeRel|x64
		{4C3F2C9A-4464-3C67-89B8-5D68F46B816A}.MinSizeRel|x64.Build.0 = MinSizeRel|x64
		{4C3F2C9A-4464-3C67-89B8-5D68F46B816A}.RelWithDebInfo|x64.ActiveCfg = RelWithDebInfo|x64
		{4C3F2C9A-4464-3C67-89B8-5D68F46B816A}.RelWithDebInfo|x64.Build.0 = RelWithDebInfo|x64
		{0B2C6A74-5395-3691-9CC4-AEA62484EDF2}.Debug|x64.ActiveCfg = Debug|x64
		{0B2C6A74-5395-3691-9CC4-AEA62484EDF2}.Debug|x64.Build.0 = Debug|x64
		{0B2C6A74-5395-3691-9CC4-AEA62484EDF2}.Release|x64.ActiveCfg = Release|x64
		{0B2C6A74-5395-3691-9CC4-AEA62484EDF2}.Release|x64.Build.0 = Release|x64
		{0B2C6A74-5395-3691-9CC4-AEA62484EDF2}.MinSizeRel|x64.ActiveCfg = MinSizeRel|x64
		{0B2C6A74-5395-3691-9CC4-AEA62484EDF2}.MinSizeRel|x64.Build.0 = MinSizeRel|x64
		{0B2C6A74-5395-3691-9CC4-AEA62484EDF2}.RelWithDebInfo|x64.ActiveCfg = RelWithDebInfo|x64
		{0B2C6A74-5395-3691-9CC4-AEA62484EDF2}.RelWithDebInfo|x64.Build.0 = RelWithDebInfo|x64
		{3CACEC63-3C9B-3C95-AEF1-0678EE547B5B}.Debug|x64.ActiveCfg = Debug|x64
		{3CACEC63-3C9B-3C95-AEF1-0678EE547B5B}.Debug|x64.Build.0 = Debug|x64
		{3CACEC63-3C9B-3C95-AEF1-0678EE547B5B}.Release|x64.ActiveCfg = Release|x64
		{3CACEC63-3C9B-3C95-AEF1-0678EE547B5B}.Release|x64.Build.0 = Release|x64
		{3CACEC63-3C9B-3C95-AEF1-0678EE547B5B}.MinSizeRel|x64.ActiveCfg = MinSizeRel|x64
		{3CACEC63-3C9B-3C95-AEF1-0678EE547B5B}.MinSizeRel|x64.Build.0 = MinSizeRel|x64
		{3CACEC63-3C9B-3C95-AEF1-0678EE547B5B}.RelWithDebInfo|x64.ActiveCfg = RelWithDebInfo|x64
		{3CACEC63-3C9B-3C95-AEF1-0678EE547B5B}.RelWithDebInfo|x64.Build.0 = RelWithDebInfo|x64
		{D9884481-CF2F-3A8A-B830-DE9C23124C39}.Debug|x64.ActiveCfg = Debug|x64
		{D9884481-CF2F-3A8A-B830-DE9C23124C39}.Debug|x64.Build.0 = Debug|x64
		{D9884481-CF2F-3A8A-B830-DE9C23124C39}.Release|x64.ActiveCfg = Release|x64
		{D9884481-CF2F-3A8A-B830-DE9C23124C39}.Release|x64.Build.0 = Release|x64
		{D9884481-CF2F-3A8A-B830-DE9C23124C39}.MinSizeRel|x64.ActiveCfg = MinSizeRel|x64
		{D9884481-CF2F-3A8A-B830-DE9C23124C39}.MinSizeRel|x64.Build.0 = MinSizeRel|x64
		{D9884481-CF2F-3A8A-B830-DE9C23124C39}.RelWithDebInfo|x64.ActiveCfg = RelWithDebInfo|x64
		{D9884481-CF2F-3A8A-B830-DE9C23124C39}.RelWithDebInfo|x64.Build.0 = RelWithDebInfo|x64
	EndGlobalSection
	GlobalSection(ExtensibilityGlobals) = postSolution
		SolutionGuid = {71B5B074-3785-330E-BC68-3ED922AF7C76}
	EndGlobalSection
	GlobalSection(ExtensibilityAddIns) = postSolution
	EndGlobalSection
EndGlobal
