<?xml version="1.0" encoding="utf-8"?>
<Project ToolsVersion="17.0" xmlns="http://schemas.microsoft.com/developer/msbuild/2003">
  <ItemGroup>
    <ClCompile Include="D:\login bot\googletest-template\lib\simple\Parallelogram.cpp">
      <Filter>Source Files</Filter>
    </ClCompile>
    <ClCompile Include="D:\login bot\googletest-template\lib\simple\Matthews.cpp">
      <Filter>Source Files</Filter>
    </ClCompile>
    <ClCompile Include="D:\login bot\googletest-template\lib\simple\Awards.cpp">
      <Filter>Source Files</Filter>
    </ClCompile>
  </ItemGroup>
  <ItemGroup>
    <CustomBuild Include="D:\login bot\googletest-template\lib\simple\CMakeLists.txt" />
  </ItemGroup>
  <ItemGroup>
    <Filter Include="Source Files">
      <UniqueIdentifier>{57A013E2-F34E-3562-A04D-2139A0F8A55F}</UniqueIdentifier>
    </Filter>
  </ItemGroup>
</Project>
